// !$*UTF8*$!
{
	archiveVersion = 1;
	classes = {
	};
	objectVersion = 56;
	objects = {
/* Begin PBXBuildFile section */
		001000000000000000000001 /* SoulMoonApp.swift in Sources */ = {isa = PBXBuildFile; fileRef = 001000000000000000000101 /* SoulMoonApp.swift */; };
		001000000000000000000002 /* ContentView.swift in Sources */ = {isa = PBXBuildFile; fileRef = 001000000000000000000102 /* ContentView.swift */; };
		001000000000000000000003 /* SoulMoonActivityManager.swift in Sources */ = {isa = PBXBuildFile; fileRef = 001000000000000000000103 /* SoulMoonActivityManager.swift */; };
		001000000000000000000004 /* SoulMoonActivityAttributes.swift in Sources */ = {isa = PBXBuildFile; fileRef = 001000000000000000000104 /* SoulMoonActivityAttributes.swift */; };
		001000000000000000000005 /* Assets.xcassets in Resources */ = {isa = PBXBuildFile; fileRef = 001000000000000000000105 /* Assets.xcassets */; };
		001000000000000000000006 /* SoulMoonWidgetExtension.appex in Embed Foundation Extensions */ = {isa = PBXBuildFile; fileRef = 001000000000000000000201 /* SoulMoonWidgetExtension.appex */; settings = {ATTRIBUTES = (RemoveHeadersOnCopy, ); }; };
		001000000000000000000007 /* SoulMoonLiveActivity.swift in Sources */ = {isa = PBXBuildFile; fileRef = 001000000000000000000202 /* SoulMoonLiveActivity.swift */; };
		001000000000000000000008 /* SoulMoonWidgetBundle.swift in Sources */ = {isa = PBXBuildFile; fileRef = 001000000000000000000203 /* SoulMoonWidgetBundle.swift */; };
		001000000000000000000009 /* SoulMoonActivityAttributes.swift in Sources */ = {isa = PBXBuildFile; fileRef = 001000000000000000000104 /* SoulMoonActivityAttributes.swift */; };
		00100000000000000000000A /* Assets.xcassets in Resources */ = {isa = PBXBuildFile; fileRef = 001000000000000000000105 /* Assets.xcassets */; };
/* End PBXBuildFile section */
/* Begin PBXContainerItemProxy section */
		001000000000000000000301 /* PBXContainerItemProxy */ = {
			isa = PBXContainerItemProxy;
			containerPortal = 001000000000000000000401 /* Project object */;
			proxyType = 1;
			remoteGlobalIDString = 001000000000000000000502;
			remoteInfo = SoulMoonWidgetExtension;
		};
/* End PBXContainerItemProxy section */
/* Begin PBXCopyFilesBuildPhase section */
		001000000000000000000601 /* Embed Foundation Extensions */ = {
			isa = PBXCopyFilesBuildPhase;
			buildActionMask = 2147483647;
			dstPath = "";
			dstSubfolderSpec = 13;
			files = (
				001000000000000000000006 /* SoulMoonWidgetExtension.appex in Embed Foundation Extensions */,
			);
			name = "Embed Foundation Extensions";
			runOnlyForDeploymentPostprocessing = 0;
		};
/* End PBXCopyFilesBuildPhase section */
/* Begin PBXFileReference section */
		001000000000000000000101 /* SoulMoonApp.swift */ = {isa = PBXFileReference; lastKnownFileType = sourcecode.swift; path = SoulMoonApp.swift; sourceTree = "<group>"; };
		001000000000000000000102 /* ContentView.swift */ = {isa = PBXFileReference; lastKnownFileType = sourcecode.swift; path = ContentView.swift; sourceTree = "<group>"; };
		001000000000000000000103 /* SoulMoonActivityManager.swift */ = {isa = PBXFileReference; lastKnownFileType = sourcecode.swift; path = SoulMoonActivityManager.swift; sourceTree = "<group>"; };
		001000000000000000000104 /* SoulMoonActivityAttributes.swift */ = {isa = PBXFileReference; lastKnownFileType = sourcecode.swift; path = SoulMoonActivityAttributes.swift; sourceTree = "<group>"; };
		001000000000000000000105 /* Assets.xcassets */ = {isa = PBXFileReference; lastKnownFileType = folder.assetcatalog; path = Assets.xcassets; sourceTree = "<group>"; };
		001000000000000000000106 /* Info.plist */ = {isa = PBXFileReference; lastKnownFileType = text.plist.xml; path = Info.plist; sourceTree = "<group>"; };
		001000000000000000000107 /* SoulMoon.entitlements */ = {isa = PBXFileReference; lastKnownFileType = text.plist.entitlements; path = SoulMoon.entitlements; sourceTree = "<group>"; };
		001000000000000000000201 /* SoulMoonWidgetExtension.appex */ = {isa = PBXFileReference; explicitFileType = "wrapper.app-extension"; includeInIndex = 0; path = SoulMoonWidgetExtension.appex; sourceTree = BUILT_PRODUCTS_DIR; };
		001000000000000000000202 /* SoulMoonLiveActivity.swift */ = {isa = PBXFileReference; lastKnownFileType = sourcecode.swift; path = SoulMoonLiveActivity.swift; sourceTree = "<group>"; };
		001000000000000000000203 /* SoulMoonWidgetBundle.swift */ = {isa = PBXFileReference; lastKnownFileType = sourcecode.swift; path = SoulMoonWidgetBundle.swift; sourceTree = "<group>"; };
		001000000000000000000204 /* Info.plist */ = {isa = PBXFileReference; lastKnownFileType = text.plist.xml; path = Info.plist; sourceTree = "<group>"; };
		001000000000000000000205 /* SoulMoonWidgetExtension.entitlements */ = {isa = PBXFileReference; lastKnownFileType = text.plist.entitlements; path = SoulMoonWidgetExtension.entitlements; sourceTree = "<group>"; };
		001000000000000000000206 /* SoulMoonWidgetExtension.appex */ = {isa = PBXFileReference; explicitFileType = "wrapper.app-extension"; includeInIndex = 0; path = SoulMoonWidgetExtension.appex; sourceTree = BUILT_PRODUCTS_DIR; };
/* End PBXFileReference section */
/* Begin PBXFrameworksBuildPhase section */
		001000000000000000000701 /* Frameworks */ = {isa = PBXFrameworksBuildPhase; buildActionMask = 2147483647; files = (); runOnlyForDeploymentPostprocessing = 0; };
		001000000000000000000702 /* Frameworks */ = {isa = PBXFrameworksBuildPhase; buildActionMask = 2147483647; files = (); runOnlyForDeploymentPostprocessing = 0; };
/* End PBXFrameworksBuildPhase section */
/* Begin PBXGroup section */
		001000000000000000000801 = {
			isa = PBXGroup;
			children = (
				001000000000000000000802 /* SoulMoon */,
				001000000000000000000803 /* SoulMoonWidgetExtension */,
				001000000000000000000804 /* Shared */,
				001000000000000000000805 /* Products */,
			);
			sourceTree = "<group>";
		};
		001000000000000000000802 /* SoulMoon */ = {
			isa = PBXGroup;
			children = (
				001000000000000000000101 /* SoulMoonApp.swift */,
				001000000000000000000102 /* ContentView.swift */,
				001000000000000000000103 /* SoulMoonActivityManager.swift */,
				001000000000000000000105 /* Assets.xcassets */,
				001000000000000000000106 /* Info.plist */,
				001000000000000000000107 /* SoulMoon.entitlements */,
			);
			path = SoulMoon;
			sourceTree = "<group>";
		};
		001000000000000000000803 /* SoulMoonWidgetExtension */ = {
			isa = PBXGroup;
			children = (
				001000000000000000000202 /* SoulMoonLiveActivity.swift */,
				001000000000000000000203 /* SoulMoonWidgetBundle.swift */,
				001000000000000000000204 /* Info.plist */,
				001000000000000000000205 /* SoulMoonWidgetExtension.entitlements */,
			);
			path = SoulMoonWidgetExtension;
			sourceTree = "<group>";
